
Microsoft Visual Studio Solution File, Format Version 12.00
# Visual Studio Version 17
VisualStudioVersion = 17.7.34024.191
MinimumVisualStudioVersion = 10.0.40219.1
Project("{FAE04EC0-301F-11D3-BF4B-00C04F79EFBC}") = "criptography", "criptography.csproj", "{2928CEF0-7BB2-4DF7-A3F6-68509F1AE7AB}"
EndProject
Global
	GlobalSection(SolutionConfigurationPlatforms) = preSolution
		Debug|Any CPU = Debug|Any CPU
		Release|Any CPU = Release|Any CPU
	EndGlobalSection
	GlobalSection(ProjectConfigurationPlatforms) = postSolution
		{2928CEF0-7BB2-4DF7-A3F6-68509F1AE7AB}.Debug|Any CPU.ActiveCfg = Debug|Any CPU
		{2928CEF0-7BB2-4DF7-A3F6-68509F1AE7AB}.Debug|Any CPU.Build.0 = Debug|Any CPU
		{2928CEF0-7BB2-4DF7-A3F6-68509F1AE7AB}.Release|Any CPU.ActiveCfg = Release|Any CPU
		{2928CEF0-7BB2-4DF7-A3F6-68509F1AE7AB}.Release|Any CPU.Build.0 = Release|Any CPU
	EndGlobalSection
	GlobalSection(SolutionProperties) = preSolution
		HideSolutionNode = FALSE
	EndGlobalSection
	GlobalSection(ExtensibilityGlobals) = postSolution
		SolutionGuid = {273DF564-B0C3-4651-9E3D-A81916418226}
	EndGlobalSection
EndGlobal
