
Microsoft Visual Studio Solution File, Format Version 12.00
# Visual Studio Version 17
VisualStudioVersion = 17.3.32825.248
MinimumVisualStudioVersion = 10.0.40219.1
Project("{9A19103F-16F7-4668-BE54-9A1E7A4F7556}") = "linq-slideviews", "linq-slideviews.csproj", "{B89EC1E5-4C7A-4173-8752-D5B0CB9C20CD}"
EndProject
Global
	GlobalSection(SolutionConfigurationPlatforms) = preSolution
		Debug|Any CPU = Debug|Any CPU
		Release|Any CPU = Release|Any CPU
	EndGlobalSection
	GlobalSection(ProjectConfigurationPlatforms) = postSolution
		{B89EC1E5-4C7A-4173-8752-D5B0CB9C20CD}.Debug|Any CPU.ActiveCfg = Debug|Any CPU
		{B89EC1E5-4C7A-4173-8752-D5B0CB9C20CD}.Debug|Any CPU.Build.0 = Debug|Any CPU
		{B89EC1E5-4C7A-4173-8752-D5B0CB9C20CD}.Release|Any CPU.ActiveCfg = Release|Any CPU
		{B89EC1E5-4C7A-4173-8752-D5B0CB9C20CD}.Release|Any CPU.Build.0 = Release|Any CPU
	EndGlobalSection
	GlobalSection(SolutionProperties) = preSolution
		HideSolutionNode = FALSE
	EndGlobalSection
	GlobalSection(ExtensibilityGlobals) = postSolution
		SolutionGuid = {5BA9A241-4C18-4453-A459-73B443062711}
	EndGlobalSection
EndGlobal
